// !$*UTF8*$!
{
	archiveVersion = 1;
	classes = {
	};
	objectVersion = 77;
	objects = {

/* Begin PBXBuildFile section */
		C23CD4E32E6B1C4E00DD1656 /* YouTubePlayerKit in Frameworks */ = {isa = PBXBuildFile; productRef = C23CD4E22E6B1C4E00DD1656 /* YouTubePlayerKit */; };
		C24517892EA377AA003CB8EE /* _ConfidentialKit in Frameworks */ = {isa = PBXBuildFile; productRef = C24517882EA377AA003CB8EE /* _ConfidentialKit */; };
		C28232352EC6025D00F83A87 /* WidgetKit.framework in Frameworks */ = {isa = PBXBuildFile; fileRef = C28232342EC6025D00F83A87 /* WidgetKit.framework */; };
		C28232372EC6025D00F83A87 /* SwiftUI.framework in Frameworks */ = {isa = PBXBuildFile; fileRef = C28232362EC6025D00F83A87 /* SwiftUI.framework */; };
		C28232422EC6026000F83A87 /* MyWatchListWidgetExtension.appex in Embed Foundation Extensions */ = {isa = PBXBuildFile; fileRef = C28232322EC6025C00F83A87 /* MyWatchListWidgetExtension.appex */; settings = {ATTRIBUTES = (RemoveHeadersOnCopy, ); }; };
		C2B07FEB2ED06E7C008D0285 /* MWLWatch Watch App.app in Embed Watch Content */ = {isa = PBXBuildFile; fileRef = C2B07FE12ED06E7A008D0285 /* MWLWatch Watch App.app */; settings = {ATTRIBUTES = (RemoveHeadersOnCopy, ); }; };
/* End PBXBuildFile section */

/* Begin PBXContainerItemProxy section */
		C257EBA42E9D3DA70064FCC0 /* PBXContainerItemProxy */ = {
			isa = PBXContainerItemProxy;
			containerPortal = C2D8589C2E61AE99005187AF /* Project object */;
			proxyType = 1;
			remoteGlobalIDString = C2D858A32E61AE99005187AF;
			remoteInfo = MyWatchList;
		};
		C28232402EC6026000F83A87 /* PBXContainerItemProxy */ = {
			isa = PBXContainerItemProxy;
			containerPortal = C2D8589C2E61AE99005187AF /* Project object */;
			proxyType = 1;
			remoteGlobalIDString = C28232312EC6025C00F83A87;
			remoteInfo = MyWatchListWidgetExtension;
		};
		C2B07FE92ED06E7C008D0285 /* PBXContainerItemProxy */ = {
			isa = PBXContainerItemProxy;
			containerPortal = C2D8589C2E61AE99005187AF /* Project object */;
			proxyType = 1;
			remoteGlobalIDString = C2B07FE02ED06E7A008D0285;
			remoteInfo = "MWLWatch Watch App";
		};
		C2E067782EB0BD9800A2661D /* PBXContainerItemProxy */ = {
			isa = PBXContainerItemProxy;
			containerPortal = C2D8589C2E61AE99005187AF /* Project object */;
			proxyType = 1;
			remoteGlobalIDString = C2D858A32E61AE99005187AF;
			remoteInfo = MyWatchList;
		};
/* End PBXContainerItemProxy section */

/* Begin PBXCopyFilesBuildPhase section */
		C28232432EC6026000F83A87 /* Embed Foundation Extensions */ = {
			isa = PBXCopyFilesBuildPhase;
			buildActionMask = 2147483647;
			dstPath = "";
			dstSubfolderSpec = 13;
			files = (
				C28232422EC6026000F83A87 /* MyWatchListWidgetExtension.appex in Embed Foundation Extensions */,
			);
			name = "Embed Foundation Extensions";
			runOnlyForDeploymentPostprocessing = 0;
		};
		C2B07FEC2ED06E7C008D0285 /* Embed Watch Content */ = {
			isa = PBXCopyFilesBuildPhase;
			buildActionMask = 2147483647;
			dstPath = "$(CONTENTS_FOLDER_PATH)/Watch";
			dstSubfolderSpec = 16;
			files = (
				C2B07FEB2ED06E7C008D0285 /* MWLWatch Watch App.app in Embed Watch Content */,
			);
			name = "Embed Watch Content";
			runOnlyForDeploymentPostprocessing = 0;
		};
/* End PBXCopyFilesBuildPhase section */

/* Begin PBXFileReference section */
		C257EBA02E9D3DA60064FCC0 /* MyWatchListTests.xctest */ = {isa = PBXFileReference; explicitFileType = wrapper.cfbundle; includeInIndex = 0; path = MyWatchListTests.xctest; sourceTree = BUILT_PRODUCTS_DIR; };
		C28232322EC6025C00F83A87 /* MyWatchListWidgetExtension.appex */ = {isa = PBXFileReference; explicitFileType = "wrapper.app-extension"; includeInIndex = 0; path = MyWatchListWidgetExtension.appex; sourceTree = BUILT_PRODUCTS_DIR; };
		C28232342EC6025D00F83A87 /* WidgetKit.framework */ = {isa = PBXFileReference; lastKnownFileType = wrapper.framework; name = WidgetKit.framework; path = System/Library/Frameworks/WidgetKit.framework; sourceTree = SDKROOT; };
		C28232362EC6025D00F83A87 /* SwiftUI.framework */ = {isa = PBXFileReference; lastKnownFileType = wrapper.framework; name = SwiftUI.framework; path = System/Library/Frameworks/SwiftUI.framework; sourceTree = SDKROOT; };
		C28232BE2EC6161400F83A87 /* MyWatchListWidgetExtension.entitlements */ = {isa = PBXFileReference; lastKnownFileType = text.plist.entitlements; path = MyWatchListWidgetExtension.entitlements; sourceTree = "<group>"; };
		C2B07FE12ED06E7A008D0285 /* MWLWatch Watch App.app */ = {isa = PBXFileReference; explicitFileType = wrapper.application; includeInIndex = 0; path = "MWLWatch Watch App.app"; sourceTree = BUILT_PRODUCTS_DIR; };
		C2D858A42E61AE99005187AF /* MyWatchList.app */ = {isa = PBXFileReference; explicitFileType = wrapper.application; includeInIndex = 0; path = MyWatchList.app; sourceTree = BUILT_PRODUCTS_DIR; };
		C2E067722EB0BD9800A2661D /* MyWatchListUITests.xctest */ = {isa = PBXFileReference; explicitFileType = wrapper.cfbundle; includeInIndex = 0; path = MyWatchListUITests.xctest; sourceTree = BUILT_PRODUCTS_DIR; };
/* End PBXFileReference section */

/* Begin PBXFileSystemSynchronizedBuildFileExceptionSet section */
		C28232472EC6026000F83A87 /* Exceptions for "MyWatchListWidget" folder in "MyWatchListWidgetExtension" target */ = {
			isa = PBXFileSystemSynchronizedBuildFileExceptionSet;
			membershipExceptions = (
				Info.plist,
			);
			target = C28232312EC6025C00F83A87 /* MyWatchListWidgetExtension */;
		};
		C282324C2EC6083B00F83A87 /* Exceptions for "MyWatchList" folder in "MyWatchListWidgetExtension" target */ = {
			isa = PBXFileSystemSynchronizedBuildFileExceptionSet;
			membershipExceptions = (
				"Extensions/CoreDataHelpers/Actor/Actor-CoreDataHelpers.swift",
				"Extensions/CoreDataHelpers/Director/Director-CoreDataHelpers.swift",
				"Extensions/CoreDataHelpers/Episode/ShowEpisode-CoreDataHelpers.swift",
				"Extensions/CoreDataHelpers/Episode/ShowEpisode-NotifiableItem.swift",
				"Extensions/CoreDataHelpers/Movie/Movie-CoreDataHelpers.swift",
				Extensions/CoreDataHelpers/Protocols/NotifiableItem.swift,
				Extensions/CoreDataHelpers/Protocols/WatchableItem.swift,
				"Extensions/CoreDataHelpers/Season/Season-CoreDataHelpers.swift",
				"Extensions/CoreDataHelpers/Season/Season-NotifiableItem.swift",
				"Extensions/CoreDataHelpers/Tag/Tag-CoreDataHelpers.swift",
				"Extensions/CoreDataHelpers/TvShow/TvShow-CoreDataHelpers.swift",
				"Extensions/Helpers/Color-Extension.swift",
				"Extensions/Previews/Movie-Preview.swift",
				Localization/Localizable.xcstrings,
				Model/Data/DataManager.swift,
				"Model/Data/StoreKit/DataManager-StoreKit.swift",
				Model/Enums/SortOrder.swift,
				Model/Enums/WatchPriority.swift,
				Model/Enums/WatchStatus.swift,
				Model/Images/ImageCacheManager.swift,
				Model/Images/Protocols/FileManaging.swift,
				Model/Main.xcdatamodeld,
				Model/Types/Filter.swift,
			);
			target = C28232312EC6025C00F83A87 /* MyWatchListWidgetExtension */;
		};
		C2B07FF42ED07143008D0285 /* Exceptions for "MyWatchList" folder in "MWLWatch Watch App" target */ = {
			isa = PBXFileSystemSynchronizedBuildFileExceptionSet;
			membershipExceptions = (
				"Extensions/CoreDataHelpers/Actor/Actor-CoreDataHelpers.swift",
				"Extensions/CoreDataHelpers/Director/Director-CoreDataHelpers.swift",
				"Extensions/CoreDataHelpers/Episode/ShowEpisode-CoreDataHelpers.swift",
				"Extensions/CoreDataHelpers/Movie/Movie-CoreDataHelpers.swift",
				"Extensions/CoreDataHelpers/Season/Season-CoreDataHelpers.swift",
				"Extensions/CoreDataHelpers/Tag/Tag-CoreDataHelpers.swift",
				"Extensions/CoreDataHelpers/TvShow/TvShow-CoreDataHelpers.swift",
				"Extensions/Helpers/Color-Extension.swift",
				Localization/Localizable.xcstrings,
				Model/Data/DataManager.swift,
				"Model/Data/Preview/DataManager-Preview.swift",
				"Model/Data/StoreKit/DataManager-StoreKit.swift",
				Model/Enums/SortOrder.swift,
				Model/Enums/WatchPriority.swift,
				Model/Enums/WatchStatus.swift,
				Model/Images/Protocols/FileManaging.swift,
				Model/Main.xcdatamodeld,
				Model/Types/Filter.swift,
			);
			target = C2B07FE02ED06E7A008D0285 /* MWLWatch Watch App */;
		};
		C2D858EC2E61D248005187AF /* Exceptions for "MyWatchList" folder in "MyWatchList" target */ = {
			isa = PBXFileSystemSynchronizedBuildFileExceptionSet;
			membershipExceptions = (
				Info.plist,
			);
			target = C2D858A32E61AE99005187AF /* MyWatchList */;
		};
/* End PBXFileSystemSynchronizedBuildFileExceptionSet section */

/* Begin PBXFileSystemSynchronizedRootGroup section */
		C257EBA12E9D3DA60064FCC0 /* MyWatchListTests */ = {
			isa = PBXFileSystemSynchronizedRootGroup;
			path = MyWatchListTests;
			sourceTree = "<group>";
		};
		C28232382EC6025D00F83A87 /* MyWatchListWidget */ = {
			isa = PBXFileSystemSynchronizedRootGroup;
			exceptions = (
				C28232472EC6026000F83A87 /* Exceptions for "MyWatchListWidget" folder in "MyWatchListWidgetExtension" target */,
			);
			path = MyWatchListWidget;
			sourceTree = "<group>";
		};
		C2B07FE22ED06E7A008D0285 /* MWLWatch Watch App */ = {
			isa = PBXFileSystemSynchronizedRootGroup;
			path = "MWLWatch Watch App";
			sourceTree = "<group>";
		};
		C2D858A62E61AE99005187AF /* MyWatchList */ = {
			isa = PBXFileSystemSynchronizedRootGroup;
			exceptions = (
				C2D858EC2E61D248005187AF /* Exceptions for "MyWatchList" folder in "MyWatchList" target */,
				C282324C2EC6083B00F83A87 /* Exceptions for "MyWatchList" folder in "MyWatchListWidgetExtension" target */,
				C2B07FF42ED07143008D0285 /* Exceptions for "MyWatchList" folder in "MWLWatch Watch App" target */,
			);
			path = MyWatchList;
			sourceTree = "<group>";
		};
		C2E067732EB0BD9800A2661D /* MyWatchListUITests */ = {
			isa = PBXFileSystemSynchronizedRootGroup;
			path = MyWatchListUITests;
			sourceTree = "<group>";
		};
/* End PBXFileSystemSynchronizedRootGroup section */

/* Begin PBXFrameworksBuildPhase section */
		C257EB9D2E9D3DA60064FCC0 /* Frameworks */ = {
			isa = PBXFrameworksBuildPhase;
			buildActionMask = 2147483647;
			files = (
			);
			runOnlyForDeploymentPostprocessing = 0;
		};
		C282322F2EC6025C00F83A87 /* Frameworks */ = {
			isa = PBXFrameworksBuildPhase;
			buildActionMask = 2147483647;
			files = (
				C28232372EC6025D00F83A87 /* SwiftUI.framework in Frameworks */,
				C28232352EC6025D00F83A87 /* WidgetKit.framework in Frameworks */,
			);
			runOnlyForDeploymentPostprocessing = 0;
		};
		C2B07FDE2ED06E7A008D0285 /* Frameworks */ = {
			isa = PBXFrameworksBuildPhase;
			buildActionMask = 2147483647;
			files = (
			);
			runOnlyForDeploymentPostprocessing = 0;
		};
		C2D858A12E61AE99005187AF /* Frameworks */ = {
			isa = PBXFrameworksBuildPhase;
			buildActionMask = 2147483647;
			files = (
				C23CD4E32E6B1C4E00DD1656 /* YouTubePlayerKit in Frameworks */,
				C24517892EA377AA003CB8EE /* _ConfidentialKit in Frameworks */,
			);
			runOnlyForDeploymentPostprocessing = 0;
		};
		C2E0676F2EB0BD9800A2661D /* Frameworks */ = {
			isa = PBXFrameworksBuildPhase;
			buildActionMask = 2147483647;
			files = (
			);
			runOnlyForDeploymentPostprocessing = 0;
		};
/* End PBXFrameworksBuildPhase section */

/* Begin PBXGroup section */
		C28232332EC6025D00F83A87 /* Frameworks */ = {
			isa = PBXGroup;
			children = (
				C28232342EC6025D00F83A87 /* WidgetKit.framework */,
				C28232362EC6025D00F83A87 /* SwiftUI.framework */,
			);
			name = Frameworks;
			sourceTree = "<group>";
		};
		C2D8589B2E61AE99005187AF = {
			isa = PBXGroup;
			children = (
				C28232BE2EC6161400F83A87 /* MyWatchListWidgetExtension.entitlements */,
				C2D858A62E61AE99005187AF /* MyWatchList */,
				C257EBA12E9D3DA60064FCC0 /* MyWatchListTests */,
				C2E067732EB0BD9800A2661D /* MyWatchListUITests */,
				C28232382EC6025D00F83A87 /* MyWatchListWidget */,
				C2B07FE22ED06E7A008D0285 /* MWLWatch Watch App */,
				C28232332EC6025D00F83A87 /* Frameworks */,
				C2D858A52E61AE99005187AF /* Products */,
			);
			sourceTree = "<group>";
		};
		C2D858A52E61AE99005187AF /* Products */ = {
			isa = PBXGroup;
			children = (
				C2D858A42E61AE99005187AF /* MyWatchList.app */,
				C257EBA02E9D3DA60064FCC0 /* MyWatchListTests.xctest */,
				C2E067722EB0BD9800A2661D /* MyWatchListUITests.xctest */,
				C28232322EC6025C00F83A87 /* MyWatchListWidgetExtension.appex */,
				C2B07FE12ED06E7A008D0285 /* MWLWatch Watch App.app */,
			);
			name = Products;
			sourceTree = "<group>";
		};
/* End PBXGroup section */

/* Begin PBXNativeTarget section */
		C257EB9F2E9D3DA60064FCC0 /* MyWatchListTests */ = {
			isa = PBXNativeTarget;
			buildConfigurationList = C257EBA82E9D3DA70064FCC0 /* Build configuration list for PBXNativeTarget "MyWatchListTests" */;
			buildPhases = (
				C257EB9C2E9D3DA60064FCC0 /* Sources */,
				C257EB9D2E9D3DA60064FCC0 /* Frameworks */,
				C257EB9E2E9D3DA60064FCC0 /* Resources */,
			);
			buildRules = (
			);
			dependencies = (
				C257EBA52E9D3DA70064FCC0 /* PBXTargetDependency */,
			);
			fileSystemSynchronizedGroups = (
				C257EBA12E9D3DA60064FCC0 /* MyWatchListTests */,
			);
			name = MyWatchListTests;
			packageProductDependencies = (
			);
			productName = MyWatchListTests;
			productReference = C257EBA02E9D3DA60064FCC0 /* MyWatchListTests.xctest */;
			productType = "com.apple.product-type.bundle.unit-test";
		};
		C28232312EC6025C00F83A87 /* MyWatchListWidgetExtension */ = {
			isa = PBXNativeTarget;
			buildConfigurationList = C28232462EC6026000F83A87 /* Build configuration list for PBXNativeTarget "MyWatchListWidgetExtension" */;
			buildPhases = (
				C282322E2EC6025C00F83A87 /* Sources */,
				C282322F2EC6025C00F83A87 /* Frameworks */,
				C28232302EC6025C00F83A87 /* Resources */,
			);
			buildRules = (
			);
			dependencies = (
			);
			fileSystemSynchronizedGroups = (
				C28232382EC6025D00F83A87 /* MyWatchListWidget */,
			);
			name = MyWatchListWidgetExtension;
			packageProductDependencies = (
			);
			productName = MyWatchListWidgetExtension;
			productReference = C28232322EC6025C00F83A87 /* MyWatchListWidgetExtension.appex */;
			productType = "com.apple.product-type.app-extension";
		};
		C2B07FE02ED06E7A008D0285 /* MWLWatch Watch App */ = {
			isa = PBXNativeTarget;
			buildConfigurationList = C2B07FEF2ED06E7C008D0285 /* Build configuration list for PBXNativeTarget "MWLWatch Watch App" */;
			buildPhases = (
				C2B07FDD2ED06E7A008D0285 /* Sources */,
				C2B07FDE2ED06E7A008D0285 /* Frameworks */,
				C2B07FDF2ED06E7A008D0285 /* Resources */,
			);
			buildRules = (
			);
			dependencies = (
			);
			fileSystemSynchronizedGroups = (
				C2B07FE22ED06E7A008D0285 /* MWLWatch Watch App */,
			);
			name = "MWLWatch Watch App";
			packageProductDependencies = (
			);
			productName = "MWLWatch Watch App";
			productReference = C2B07FE12ED06E7A008D0285 /* MWLWatch Watch App.app */;
			productType = "com.apple.product-type.application";
		};
		C2D858A32E61AE99005187AF /* MyWatchList */ = {
			isa = PBXNativeTarget;
			buildConfigurationList = C2D858B02E61AE9B005187AF /* Build configuration list for PBXNativeTarget "MyWatchList" */;
			buildPhases = (
				C2D858A02E61AE99005187AF /* Sources */,
				C2D858A12E61AE99005187AF /* Frameworks */,
				C2D858A22E61AE99005187AF /* Resources */,
				C28232432EC6026000F83A87 /* Embed Foundation Extensions */,
				C2B07FEC2ED06E7C008D0285 /* Embed Watch Content */,
			);
			buildRules = (
			);
			dependencies = (
				C245178C2EA3788F003CB8EE /* PBXTargetDependency */,
				C28232412EC6026000F83A87 /* PBXTargetDependency */,
				C2B07FEA2ED06E7C008D0285 /* PBXTargetDependency */,
			);
			fileSystemSynchronizedGroups = (
				C2D858A62E61AE99005187AF /* MyWatchList */,
			);
			name = MyWatchList;
			packageProductDependencies = (
				C23CD4E22E6B1C4E00DD1656 /* YouTubePlayerKit */,
				C24517882EA377AA003CB8EE /* _ConfidentialKit */,
			);
			productName = MyWatchList;
			productReference = C2D858A42E61AE99005187AF /* MyWatchList.app */;
			productType = "com.apple.product-type.application";
		};
		C2E067712EB0BD9800A2661D /* MyWatchListUITests */ = {
			isa = PBXNativeTarget;
			buildConfigurationList = C2E0677C2EB0BD9800A2661D /* Build configuration list for PBXNativeTarget "MyWatchListUITests" */;
			buildPhases = (
				C2E0676E2EB0BD9800A2661D /* Sources */,
				C2E0676F2EB0BD9800A2661D /* Frameworks */,
				C2E067702EB0BD9800A2661D /* Resources */,
			);
			buildRules = (
			);
			dependencies = (
				C2E067792EB0BD9800A2661D /* PBXTargetDependency */,
			);
			fileSystemSynchronizedGroups = (
				C2E067732EB0BD9800A2661D /* MyWatchListUITests */,
			);
			name = MyWatchListUITests;
			packageProductDependencies = (
			);
			productName = MyWatchListUITests;
			productReference = C2E067722EB0BD9800A2661D /* MyWatchListUITests.xctest */;
			productType = "com.apple.product-type.bundle.ui-testing";
		};
/* End PBXNativeTarget section */

/* Begin PBXProject section */
		C2D8589C2E61AE99005187AF /* Project object */ = {
			isa = PBXProject;
			attributes = {
				BuildIndependentTargetsInParallel = 1;
				LastSwiftUpdateCheck = 2610;
				LastUpgradeCheck = 2610;
				TargetAttributes = {
					C257EB9F2E9D3DA60064FCC0 = {
						CreatedOnToolsVersion = 26.0.1;
						TestTargetID = C2D858A32E61AE99005187AF;
					};
					C28232312EC6025C00F83A87 = {
						CreatedOnToolsVersion = 26.1.1;
					};
					C2B07FE02ED06E7A008D0285 = {
						CreatedOnToolsVersion = 26.1.1;
					};
					C2D858A32E61AE99005187AF = {
						CreatedOnToolsVersion = 16.4;
					};
					C2E067712EB0BD9800A2661D = {
						CreatedOnToolsVersion = 26.0.1;
						TestTargetID = C2D858A32E61AE99005187AF;
					};
				};
			};
			buildConfigurationList = C2D8589F2E61AE99005187AF /* Build configuration list for PBXProject "MyWatchList" */;
			developmentRegion = en;
			hasScannedForEncodings = 0;
			knownRegions = (
				en,
				Base,
				fr,
			);
			mainGroup = C2D8589B2E61AE99005187AF;
			minimizedProjectReferenceProxies = 1;
			packageReferences = (
				C23CD4E12E6B1C4E00DD1656 /* XCRemoteSwiftPackageReference "YouTubePlayerKit" */,
				C24517872EA377AA003CB8EE /* XCRemoteSwiftPackageReference "swift-confidential" */,
				C245178A2EA37858003CB8EE /* XCRemoteSwiftPackageReference "swift-confidential-plugin" */,
			);
			preferredProjectObjectVersion = 77;
			productRefGroup = C2D858A52E61AE99005187AF /* Products */;
			projectDirPath = "";
			projectRoot = "";
			targets = (
				C2D858A32E61AE99005187AF /* MyWatchList */,
				C257EB9F2E9D3DA60064FCC0 /* MyWatchListTests */,
				C2E067712EB0BD9800A2661D /* MyWatchListUITests */,
				C28232312EC6025C00F83A87 /* MyWatchListWidgetExtension */,
				C2B07FE02ED06E7A008D0285 /* MWLWatch Watch App */,
			);
		};
/* End PBXProject section */

/* Begin PBXResourcesBuildPhase section */
		C257EB9E2E9D3DA60064FCC0 /* Resources */ = {
			isa = PBXResourcesBuildPhase;
			buildActionMask = 2147483647;
			files = (
			);
			runOnlyForDeploymentPostprocessing = 0;
		};
		C28232302EC6025C00F83A87 /* Resources */ = {
			isa = PBXResourcesBuildPhase;
			buildActionMask = 2147483647;
			files = (
			);
			runOnlyForDeploymentPostprocessing = 0;
		};
		C2B07FDF2ED06E7A008D0285 /* Resources */ = {
			isa = PBXResourcesBuildPhase;
			buildActionMask = 2147483647;
			files = (
			);
			runOnlyForDeploymentPostprocessing = 0;
		};
		C2D858A22E61AE99005187AF /* Resources */ = {
			isa = PBXResourcesBuildPhase;
			buildActionMask = 2147483647;
			files = (
			);
			runOnlyForDeploymentPostprocessing = 0;
		};
		C2E067702EB0BD9800A2661D /* Resources */ = {
			isa = PBXResourcesBuildPhase;
			buildActionMask = 2147483647;
			files = (
			);
			runOnlyForDeploymentPostprocessing = 0;
		};
/* End PBXResourcesBuildPhase section */

/* Begin PBXSourcesBuildPhase section */
		C257EB9C2E9D3DA60064FCC0 /* Sources */ = {
			isa = PBXSourcesBuildPhase;
			buildActionMask = 2147483647;
			files = (
			);
			runOnlyForDeploymentPostprocessing = 0;
		};
		C282322E2EC6025C00F83A87 /* Sources */ = {
			isa = PBXSourcesBuildPhase;
			buildActionMask = 2147483647;
			files = (
			);
			runOnlyForDeploymentPostprocessing = 0;
		};
		C2B07FDD2ED06E7A008D0285 /* Sources */ = {
			isa = PBXSourcesBuildPhase;
			buildActionMask = 2147483647;
			files = (
			);
			runOnlyForDeploymentPostprocessing = 0;
		};
		C2D858A02E61AE99005187AF /* Sources */ = {
			isa = PBXSourcesBuildPhase;
			buildActionMask = 2147483647;
			files = (
			);
			runOnlyForDeploymentPostprocessing = 0;
		};
		C2E0676E2EB0BD9800A2661D /* Sources */ = {
			isa = PBXSourcesBuildPhase;
			buildActionMask = 2147483647;
			files = (
			);
			runOnlyForDeploymentPostprocessing = 0;
		};
/* End PBXSourcesBuildPhase section */

/* Begin PBXTargetDependency section */
		C245178C2EA3788F003CB8EE /* PBXTargetDependency */ = {
			isa = PBXTargetDependency;
			productRef = C245178B2EA3788F003CB8EE /* Confidential */;
		};
		C257EBA52E9D3DA70064FCC0 /* PBXTargetDependency */ = {
			isa = PBXTargetDependency;
			target = C2D858A32E61AE99005187AF /* MyWatchList */;
			targetProxy = C257EBA42E9D3DA70064FCC0 /* PBXContainerItemProxy */;
		};
		C28232412EC6026000F83A87 /* PBXTargetDependency */ = {
			isa = PBXTargetDependency;
			target = C28232312EC6025C00F83A87 /* MyWatchListWidgetExtension */;
			targetProxy = C28232402EC6026000F83A87 /* PBXContainerItemProxy */;
		};
		C2B07FEA2ED06E7C008D0285 /* PBXTargetDependency */ = {
			isa = PBXTargetDependency;
			target = C2B07FE02ED06E7A008D0285 /* MWLWatch Watch App */;
			targetProxy = C2B07FE92ED06E7C008D0285 /* PBXContainerItemProxy */;
		};
		C2E067792EB0BD9800A2661D /* PBXTargetDependency */ = {
			isa = PBXTargetDependency;
			target = C2D858A32E61AE99005187AF /* MyWatchList */;
			targetProxy = C2E067782EB0BD9800A2661D /* PBXContainerItemProxy */;
		};
/* End PBXTargetDependency section */

/* Begin XCBuildConfiguration section */
		C257EBA62E9D3DA70064FCC0 /* Debug */ = {
			isa = XCBuildConfiguration;
			buildSettings = {
				BUNDLE_LOADER = "$(TEST_HOST)";
				CODE_SIGN_STYLE = Automatic;
				CURRENT_PROJECT_VERSION = 1;
				DEVELOPMENT_TEAM = PTPRZC36QH;
				GENERATE_INFOPLIST_FILE = YES;
				IPHONEOS_DEPLOYMENT_TARGET = 26.0;
				MARKETING_VERSION = 1.0;
				PRODUCT_BUNDLE_IDENTIFIER = com.marwen.MyWatchListTests;
				PRODUCT_NAME = "$(TARGET_NAME)";
				SDKROOT = iphoneos;
				STRING_CATALOG_GENERATE_SYMBOLS = NO;
				SWIFT_APPROACHABLE_CONCURRENCY = YES;
				SWIFT_EMIT_LOC_STRINGS = NO;
				SWIFT_UPCOMING_FEATURE_MEMBER_IMPORT_VISIBILITY = YES;
				SWIFT_VERSION = 5.0;
				TARGETED_DEVICE_FAMILY = "1,2";
				TEST_HOST = "$(BUILT_PRODUCTS_DIR)/MyWatchList.app/$(BUNDLE_EXECUTABLE_FOLDER_PATH)/MyWatchList";
			};
			name = Debug;
		};
		C257EBA72E9D3DA70064FCC0 /* Release */ = {
			isa = XCBuildConfiguration;
			buildSettings = {
				BUNDLE_LOADER = "$(TEST_HOST)";
				CODE_SIGN_STYLE = Automatic;
				CURRENT_PROJECT_VERSION = 1;
				DEVELOPMENT_TEAM = PTPRZC36QH;
				GENERATE_INFOPLIST_FILE = YES;
				IPHONEOS_DEPLOYMENT_TARGET = 26.0;
				MARKETING_VERSION = 1.0;
				PRODUCT_BUNDLE_IDENTIFIER = com.marwen.MyWatchListTests;
				PRODUCT_NAME = "$(TARGET_NAME)";
				SDKROOT = iphoneos;
				STRING_CATALOG_GENERATE_SYMBOLS = NO;
				SWIFT_APPROACHABLE_CONCURRENCY = YES;
				SWIFT_EMIT_LOC_STRINGS = NO;
				SWIFT_UPCOMING_FEATURE_MEMBER_IMPORT_VISIBILITY = YES;
				SWIFT_VERSION = 5.0;
				TARGETED_DEVICE_FAMILY = "1,2";
				TEST_HOST = "$(BUILT_PRODUCTS_DIR)/MyWatchList.app/$(BUNDLE_EXECUTABLE_FOLDER_PATH)/MyWatchList";
				VALIDATE_PRODUCT = YES;
			};
			name = Release;
		};
		C28232442EC6026000F83A87 /* Debug */ = {
			isa = XCBuildConfiguration;
			buildSettings = {
				ASSETCATALOG_COMPILER_GLOBAL_ACCENT_COLOR_NAME = AccentColor;
				ASSETCATALOG_COMPILER_WIDGET_BACKGROUND_COLOR_NAME = WidgetBackground;
				CODE_SIGN_ENTITLEMENTS = MyWatchListWidgetExtension.entitlements;
				CODE_SIGN_STYLE = Automatic;
				CURRENT_PROJECT_VERSION = 1;
				DEVELOPMENT_TEAM = PTPRZC36QH;
				GENERATE_INFOPLIST_FILE = YES;
				INFOPLIST_FILE = MyWatchListWidget/Info.plist;
				INFOPLIST_KEY_CFBundleDisplayName = MyWatchListWidget;
				INFOPLIST_KEY_NSHumanReadableCopyright = "";
				IPHONEOS_DEPLOYMENT_TARGET = 26.0;
				LD_RUNPATH_SEARCH_PATHS = (
					"$(inherited)",
					"@executable_path/Frameworks",
					"@executable_path/../../Frameworks",
				);
				MARKETING_VERSION = 1.7;
				PRODUCT_BUNDLE_IDENTIFIER = com.marwen.MyWatchList.MyWatchListWidget;
				PRODUCT_NAME = "$(TARGET_NAME)";
				SDKROOT = iphoneos;
				SKIP_INSTALL = YES;
				STRING_CATALOG_GENERATE_SYMBOLS = YES;
				SWIFT_APPROACHABLE_CONCURRENCY = YES;
				SWIFT_EMIT_LOC_STRINGS = YES;
				SWIFT_UPCOMING_FEATURE_MEMBER_IMPORT_VISIBILITY = YES;
				SWIFT_VERSION = 5.0;
				TARGETED_DEVICE_FAMILY = "1,2";
			};
			name = Debug;
		};
		C28232452EC6026000F83A87 /* Release */ = {
			isa = XCBuildConfiguration;
			buildSettings = {
				ASSETCATALOG_COMPILER_GLOBAL_ACCENT_COLOR_NAME = AccentColor;
				ASSETCATALOG_COMPILER_WIDGET_BACKGROUND_COLOR_NAME = WidgetBackground;
				CODE_SIGN_ENTITLEMENTS = MyWatchListWidgetExtension.entitlements;
				CODE_SIGN_STYLE = Automatic;
				CURRENT_PROJECT_VERSION = 1;
				DEBUG_INFORMATION_FORMAT = "dwarf-with-dsym";
				DEVELOPMENT_TEAM = PTPRZC36QH;
				GENERATE_INFOPLIST_FILE = YES;
				INFOPLIST_FILE = MyWatchListWidget/Info.plist;
				INFOPLIST_KEY_CFBundleDisplayName = MyWatchListWidget;
				INFOPLIST_KEY_NSHumanReadableCopyright = "";
				IPHONEOS_DEPLOYMENT_TARGET = 26.0;
				LD_RUNPATH_SEARCH_PATHS = (
					"$(inherited)",
					"@executable_path/Frameworks",
					"@executable_path/../../Frameworks",
				);
				MARKETING_VERSION = 1.7;
				PRODUCT_BUNDLE_IDENTIFIER = com.marwen.MyWatchList.MyWatchListWidget;
				PRODUCT_NAME = "$(TARGET_NAME)";
				SDKROOT = iphoneos;
				SKIP_INSTALL = YES;
				STRING_CATALOG_GENERATE_SYMBOLS = YES;
				SWIFT_APPROACHABLE_CONCURRENCY = YES;
				SWIFT_EMIT_LOC_STRINGS = YES;
				SWIFT_UPCOMING_FEATURE_MEMBER_IMPORT_VISIBILITY = YES;
				SWIFT_VERSION = 5.0;
				TARGETED_DEVICE_FAMILY = "1,2";
				VALIDATE_PRODUCT = YES;
			};
			name = Release;
		};
		C2B07FED2ED06E7C008D0285 /* Debug */ = {
			isa = XCBuildConfiguration;
			buildSettings = {
				ASSETCATALOG_COMPILER_APPICON_NAME = AppIcon;
				ASSETCATALOG_COMPILER_GLOBAL_ACCENT_COLOR_NAME = AccentColor;
				CODE_SIGN_ENTITLEMENTS = "MWLWatch Watch App/MWLWatch Watch App.entitlements";
				CODE_SIGN_STYLE = Automatic;
				CURRENT_PROJECT_VERSION = 1;
				DEVELOPMENT_TEAM = PTPRZC36QH;
				ENABLE_PREVIEWS = YES;
				GENERATE_INFOPLIST_FILE = YES;
				INFOPLIST_FILE = "MWLWatch-Watch-App-Info.plist";
				INFOPLIST_KEY_CFBundleDisplayName = MWLWatch;
				INFOPLIST_KEY_UISupportedInterfaceOrientations = "UIInterfaceOrientationPortrait UIInterfaceOrientationPortraitUpsideDown";
				INFOPLIST_KEY_WKCompanionAppBundleIdentifier = com.marwen.MyWatchList;
				LD_RUNPATH_SEARCH_PATHS = (
					"$(inherited)",
					"@executable_path/Frameworks",
				);
				MARKETING_VERSION = 1.7;
				PRODUCT_BUNDLE_IDENTIFIER = com.marwen.MyWatchList.watchkitapp;
				PRODUCT_NAME = "$(TARGET_NAME)";
				SDKROOT = watchos;
				SKIP_INSTALL = YES;
				STRING_CATALOG_GENERATE_SYMBOLS = YES;
				SWIFT_APPROACHABLE_CONCURRENCY = YES;
				SWIFT_DEFAULT_ACTOR_ISOLATION = MainActor;
				SWIFT_EMIT_LOC_STRINGS = YES;
				SWIFT_UPCOMING_FEATURE_MEMBER_IMPORT_VISIBILITY = YES;
				SWIFT_VERSION = 5.0;
				TARGETED_DEVICE_FAMILY = 4;
				WATCHOS_DEPLOYMENT_TARGET = 26.0;
			};
			name = Debug;
		};
		C2B07FEE2ED06E7C008D0285 /* Release */ = {
			isa = XCBuildConfiguration;
			buildSettings = {
				ASSETCATALOG_COMPILER_APPICON_NAME = AppIcon;
				ASSETCATALOG_COMPILER_GLOBAL_ACCENT_COLOR_NAME = AccentColor;
				CODE_SIGN_ENTITLEMENTS = "MWLWatch Watch App/MWLWatch Watch App.entitlements";
				CODE_SIGN_STYLE = Automatic;
				CURRENT_PROJECT_VERSION = 1;
				DEBUG_INFORMATION_FORMAT = "dwarf-with-dsym";
				DEVELOPMENT_TEAM = PTPRZC36QH;
				ENABLE_PREVIEWS = YES;
				GENERATE_INFOPLIST_FILE = YES;
				INFOPLIST_FILE = "MWLWatch-Watch-App-Info.plist";
				INFOPLIST_KEY_CFBundleDisplayName = MWLWatch;
				INFOPLIST_KEY_UISupportedInterfaceOrientations = "UIInterfaceOrientationPortrait UIInterfaceOrientationPortraitUpsideDown";
				INFOPLIST_KEY_WKCompanionAppBundleIdentifier = com.marwen.MyWatchList;
				LD_RUNPATH_SEARCH_PATHS = (
					"$(inherited)",
					"@executable_path/Frameworks",
				);
				MARKETING_VERSION = 1.7;
				PRODUCT_BUNDLE_IDENTIFIER = com.marwen.MyWatchList.watchkitapp;
				PRODUCT_NAME = "$(TARGET_NAME)";
				SDKROOT = watchos;
				SKIP_INSTALL = YES;
				STRING_CATALOG_GENERATE_SYMBOLS = YES;
				SWIFT_APPROACHABLE_CONCURRENCY = YES;
				SWIFT_DEFAULT_ACTOR_ISOLATION = MainActor;
				SWIFT_EMIT_LOC_STRINGS = YES;
				SWIFT_UPCOMING_FEATURE_MEMBER_IMPORT_VISIBILITY = YES;
				SWIFT_VERSION = 5.0;
				TARGETED_DEVICE_FAMILY = 4;
				VALIDATE_PRODUCT = YES;
				WATCHOS_DEPLOYMENT_TARGET = 26.0;
			};
			name = Release;
		};
		C2D858AE2E61AE9B005187AF /* Debug */ = {
			isa = XCBuildConfiguration;
			buildSettings = {
				ALWAYS_SEARCH_USER_PATHS = NO;
				ASSETCATALOG_COMPILER_GENERATE_SWIFT_ASSET_SYMBOL_EXTENSIONS = YES;
				CLANG_ANALYZER_LOCALIZABILITY_NONLOCALIZED = YES;
				CLANG_ANALYZER_NONNULL = YES;
				CLANG_ANALYZER_NUMBER_OBJECT_CONVERSION = YES_AGGRESSIVE;
				CLANG_CXX_LANGUAGE_STANDARD = "gnu++20";
				CLANG_ENABLE_MODULES = YES;
				CLANG_ENABLE_OBJC_ARC = YES;
				CLANG_ENABLE_OBJC_WEAK = YES;
				CLANG_WARN_BLOCK_CAPTURE_AUTORELEASING = YES;
				CLANG_WARN_BOOL_CONVERSION = YES;
				CLANG_WARN_COMMA = YES;
				CLANG_WARN_CONSTANT_CONVERSION = YES;
				CLANG_WARN_DEPRECATED_OBJC_IMPLEMENTATIONS = YES;
				CLANG_WARN_DIRECT_OBJC_ISA_USAGE = YES_ERROR;
				CLANG_WARN_DOCUMENTATION_COMMENTS = YES;
				CLANG_WARN_EMPTY_BODY = YES;
				CLANG_WARN_ENUM_CONVERSION = YES;
				CLANG_WARN_INFINITE_RECURSION = YES;
				CLANG_WARN_INT_CONVERSION = YES;
				CLANG_WARN_NON_LITERAL_NULL_CONVERSION = YES;
				CLANG_WARN_OBJC_IMPLICIT_RETAIN_SELF = YES;
				CLANG_WARN_OBJC_LITERAL_CONVERSION = YES;
				CLANG_WARN_OBJC_ROOT_CLASS = YES_ERROR;
				CLANG_WARN_QUOTED_INCLUDE_IN_FRAMEWORK_HEADER = YES;
				CLANG_WARN_RANGE_LOOP_ANALYSIS = YES;
				CLANG_WARN_STRICT_PROTOTYPES = YES;
				CLANG_WARN_SUSPICIOUS_MOVE = YES;
				CLANG_WARN_UNGUARDED_AVAILABILITY = YES_AGGRESSIVE;
				CLANG_WARN_UNREACHABLE_CODE = YES;
				CLANG_WARN__DUPLICATE_METHOD_MATCH = YES;
				COPY_PHASE_STRIP = NO;
				DEAD_CODE_STRIPPING = YES;
				DEBUG_INFORMATION_FORMAT = dwarf;
				DEVELOPMENT_TEAM = PTPRZC36QH;
				ENABLE_STRICT_OBJC_MSGSEND = YES;
				ENABLE_TESTABILITY = YES;
				ENABLE_USER_SCRIPT_SANDBOXING = YES;
				GCC_C_LANGUAGE_STANDARD = gnu17;
				GCC_DYNAMIC_NO_PIC = NO;
				GCC_NO_COMMON_BLOCKS = YES;
				GCC_OPTIMIZATION_LEVEL = 0;
				GCC_PREPROCESSOR_DEFINITIONS = (
					"DEBUG=1",
					"$(inherited)",
				);
				GCC_WARN_64_TO_32_BIT_CONVERSION = YES;
				GCC_WARN_ABOUT_RETURN_TYPE = YES_ERROR;
				GCC_WARN_UNDECLARED_SELECTOR = YES;
				GCC_WARN_UNINITIALIZED_AUTOS = YES_AGGRESSIVE;
				GCC_WARN_UNUSED_FUNCTION = YES;
				GCC_WARN_UNUSED_VARIABLE = YES;
				LOCALIZATION_PREFERS_STRING_CATALOGS = YES;
				MTL_ENABLE_DEBUG_INFO = INCLUDE_SOURCE;
				MTL_FAST_MATH = YES;
				ONLY_ACTIVE_ARCH = YES;
				STRING_CATALOG_GENERATE_SYMBOLS = YES;
				SWIFT_ACTIVE_COMPILATION_CONDITIONS = "DEBUG $(inherited)";
				SWIFT_EMIT_LOC_STRINGS = YES;
				SWIFT_OPTIMIZATION_LEVEL = "-Onone";
			};
			name = Debug;
		};
		C2D858AF2E61AE9B005187AF /* Release */ = {
			isa = XCBuildConfiguration;
			buildSettings = {
				ALWAYS_SEARCH_USER_PATHS = NO;
				ASSETCATALOG_COMPILER_GENERATE_SWIFT_ASSET_SYMBOL_EXTENSIONS = YES;
				CLANG_ANALYZER_LOCALIZABILITY_NONLOCALIZED = YES;
				CLANG_ANALYZER_NONNULL = YES;
				CLANG_ANALYZER_NUMBER_OBJECT_CONVERSION = YES_AGGRESSIVE;
				CLANG_CXX_LANGUAGE_STANDARD = "gnu++20";
				CLANG_ENABLE_MODULES = YES;
				CLANG_ENABLE_OBJC_ARC = YES;
				CLANG_ENABLE_OBJC_WEAK = YES;
				CLANG_WARN_BLOCK_CAPTURE_AUTORELEASING = YES;
				CLANG_WARN_BOOL_CONVERSION = YES;
				CLANG_WARN_COMMA = YES;
				CLANG_WARN_CONSTANT_CONVERSION = YES;
				CLANG_WARN_DEPRECATED_OBJC_IMPLEMENTATIONS = YES;
				CLANG_WARN_DIRECT_OBJC_ISA_USAGE = YES_ERROR;
				CLANG_WARN_DOCUMENTATION_COMMENTS = YES;
				CLANG_WARN_EMPTY_BODY = YES;
				CLANG_WARN_ENUM_CONVERSION = YES;
				CLANG_WARN_INFINITE_RECURSION = YES;
				CLANG_WARN_INT_CONVERSION = YES;
				CLANG_WARN_NON_LITERAL_NULL_CONVERSION = YES;
				CLANG_WARN_OBJC_IMPLICIT_RETAIN_SELF = YES;
				CLANG_WARN_OBJC_LITERAL_CONVERSION = YES;
				CLANG_WARN_OBJC_ROOT_CLASS = YES_ERROR;
				CLANG_WARN_QUOTED_INCLUDE_IN_FRAMEWORK_HEADER = YES;
				CLANG_WARN_RANGE_LOOP_ANALYSIS = YES;
				CLANG_WARN_STRICT_PROTOTYPES = YES;
				CLANG_WARN_SUSPICIOUS_MOVE = YES;
				CLANG_WARN_UNGUARDED_AVAILABILITY = YES_AGGRESSIVE;
				CLANG_WARN_UNREACHABLE_CODE = YES;
				CLANG_WARN__DUPLICATE_METHOD_MATCH = YES;
				COPY_PHASE_STRIP = NO;
				DEAD_CODE_STRIPPING = YES;
				DEBUG_INFORMATION_FORMAT = dwarf;
				DEVELOPMENT_TEAM = PTPRZC36QH;
				ENABLE_NS_ASSERTIONS = NO;
				ENABLE_STRICT_OBJC_MSGSEND = YES;
				ENABLE_USER_SCRIPT_SANDBOXING = YES;
				GCC_C_LANGUAGE_STANDARD = gnu17;
				GCC_NO_COMMON_BLOCKS = YES;
				GCC_WARN_64_TO_32_BIT_CONVERSION = YES;
				GCC_WARN_ABOUT_RETURN_TYPE = YES_ERROR;
				GCC_WARN_UNDECLARED_SELECTOR = YES;
				GCC_WARN_UNINITIALIZED_AUTOS = YES_AGGRESSIVE;
				GCC_WARN_UNUSED_FUNCTION = YES;
				GCC_WARN_UNUSED_VARIABLE = YES;
				LOCALIZATION_PREFERS_STRING_CATALOGS = YES;
				MTL_ENABLE_DEBUG_INFO = NO;
				MTL_FAST_MATH = YES;
				STRING_CATALOG_GENERATE_SYMBOLS = YES;
				SWIFT_COMPILATION_MODE = wholemodule;
				SWIFT_EMIT_LOC_STRINGS = YES;
			};
			name = Release;
		};
		C2D858B12E61AE9B005187AF /* Debug */ = {
			isa = XCBuildConfiguration;
			buildSettings = {
				ASSETCATALOG_COMPILER_APPICON_NAME = AppIcon;
				ASSETCATALOG_COMPILER_GLOBAL_ACCENT_COLOR_NAME = AccentColor;
				CODE_SIGN_ENTITLEMENTS = MyWatchList/MyWatchList.entitlements;
				CODE_SIGN_IDENTITY = "Apple Development";
				CODE_SIGN_STYLE = Automatic;
				CURRENT_PROJECT_VERSION = 1;
				DEAD_CODE_STRIPPING = YES;
				DEVELOPMENT_TEAM = PTPRZC36QH;
				ENABLE_APP_SANDBOX = YES;
				ENABLE_HARDENED_RUNTIME = YES;
				ENABLE_INCOMING_NETWORK_CONNECTIONS = YES;
				ENABLE_OUTGOING_NETWORK_CONNECTIONS = YES;
				ENABLE_PREVIEWS = YES;
				ENABLE_USER_SELECTED_FILES = readonly;
				GENERATE_INFOPLIST_FILE = YES;
				INFOPLIST_FILE = MyWatchList/Info.plist;
				"INFOPLIST_KEY_UIApplicationSceneManifest_Generation[sdk=iphoneos*]" = YES;
				"INFOPLIST_KEY_UIApplicationSceneManifest_Generation[sdk=iphonesimulator*]" = YES;
				"INFOPLIST_KEY_UIApplicationSupportsIndirectInputEvents[sdk=iphoneos*]" = YES;
				"INFOPLIST_KEY_UIApplicationSupportsIndirectInputEvents[sdk=iphonesimulator*]" = YES;
				"INFOPLIST_KEY_UILaunchScreen_Generation[sdk=iphoneos*]" = YES;
				"INFOPLIST_KEY_UILaunchScreen_Generation[sdk=iphonesimulator*]" = YES;
				"INFOPLIST_KEY_UIStatusBarStyle[sdk=iphoneos*]" = UIStatusBarStyleDefault;
				"INFOPLIST_KEY_UIStatusBarStyle[sdk=iphonesimulator*]" = UIStatusBarStyleDefault;
				INFOPLIST_KEY_UISupportedInterfaceOrientations = UIInterfaceOrientationPortrait;
				INFOPLIST_KEY_UISupportedInterfaceOrientations_iPad = "UIInterfaceOrientationLandscapeLeft UIInterfaceOrientationLandscapeRight UIInterfaceOrientationPortrait UIInterfaceOrientationPortraitUpsideDown";
				IPHONEOS_DEPLOYMENT_TARGET = 26.0;
				LD_RUNPATH_SEARCH_PATHS = "@executable_path/Frameworks";
				"LD_RUNPATH_SEARCH_PATHS[sdk=macosx*]" = "@executable_path/../Frameworks";
				MACOSX_DEPLOYMENT_TARGET = 26.0;
				MARKETING_VERSION = 1.7;
				PRODUCT_BUNDLE_IDENTIFIER = com.marwen.MyWatchList;
				PRODUCT_NAME = "$(TARGET_NAME)";
				PROVISIONING_PROFILE_SPECIFIER = "";
				REGISTER_APP_GROUPS = YES;
				SDKROOT = auto;
				SUPPORTED_PLATFORMS = "iphoneos iphonesimulator macosx xros xrsimulator";
				SWIFT_EMIT_LOC_STRINGS = YES;
				SWIFT_VERSION = 5.0;
				TARGETED_DEVICE_FAMILY = "1,2,7";
				XROS_DEPLOYMENT_TARGET = 26.0;
			};
			name = Debug;
		};
		C2D858B22E61AE9B005187AF /* Release */ = {
			isa = XCBuildConfiguration;
			buildSettings = {
				ASSETCATALOG_COMPILER_APPICON_NAME = AppIcon;
				ASSETCATALOG_COMPILER_GLOBAL_ACCENT_COLOR_NAME = AccentColor;
				CODE_SIGN_ENTITLEMENTS = MyWatchList/MyWatchList.entitlements;
				CODE_SIGN_IDENTITY = "Apple Development";
				CODE_SIGN_STYLE = Automatic;
				CURRENT_PROJECT_VERSION = 1;
				DEAD_CODE_STRIPPING = YES;
				DEVELOPMENT_TEAM = PTPRZC36QH;
				ENABLE_APP_SANDBOX = YES;
				ENABLE_HARDENED_RUNTIME = YES;
				ENABLE_INCOMING_NETWORK_CONNECTIONS = YES;
				ENABLE_OUTGOING_NETWORK_CONNECTIONS = YES;
				ENABLE_PREVIEWS = YES;
				ENABLE_USER_SELECTED_FILES = readonly;
				GENERATE_INFOPLIST_FILE = YES;
				INFOPLIST_FILE = MyWatchList/Info.plist;
				"INFOPLIST_KEY_UIApplicationSceneManifest_Generation[sdk=iphoneos*]" = YES;
				"INFOPLIST_KEY_UIApplicationSceneManifest_Generation[sdk=iphonesimulator*]" = YES;
				"INFOPLIST_KEY_UIApplicationSupportsIndirectInputEvents[sdk=iphoneos*]" = YES;
				"INFOPLIST_KEY_UIApplicationSupportsIndirectInputEvents[sdk=iphonesimulator*]" = YES;
				"INFOPLIST_KEY_UILaunchScreen_Generation[sdk=iphoneos*]" = YES;
				"INFOPLIST_KEY_UILaunchScreen_Generation[sdk=iphonesimulator*]" = YES;
				"INFOPLIST_KEY_UIStatusBarStyle[sdk=iphoneos*]" = UIStatusBarStyleDefault;
				"INFOPLIST_KEY_UIStatusBarStyle[sdk=iphonesimulator*]" = UIStatusBarStyleDefault;
				INFOPLIST_KEY_UISupportedInterfaceOrientations = UIInterfaceOrientationPortrait;
				INFOPLIST_KEY_UISupportedInterfaceOrientations_iPad = "UIInterfaceOrientationLandscapeLeft UIInterfaceOrientationLandscapeRight UIInterfaceOrientationPortrait UIInterfaceOrientationPortraitUpsideDown";
				IPHONEOS_DEPLOYMENT_TARGET = 26.0;
				LD_RUNPATH_SEARCH_PATHS = "@executable_path/Frameworks";
				"LD_RUNPATH_SEARCH_PATHS[sdk=macosx*]" = "@executable_path/../Frameworks";
				MACOSX_DEPLOYMENT_TARGET = 26.0;
				MARKETING_VERSION = 1.7;
				PRODUCT_BUNDLE_IDENTIFIER = com.marwen.MyWatchList;
				PRODUCT_NAME = "$(TARGET_NAME)";
				PROVISIONING_PROFILE_SPECIFIER = "";
				REGISTER_APP_GROUPS = YES;
				SDKROOT = auto;
				SUPPORTED_PLATFORMS = "iphoneos iphonesimulator macosx xros xrsimulator";
				SWIFT_EMIT_LOC_STRINGS = YES;
				SWIFT_VERSION = 5.0;
				TARGETED_DEVICE_FAMILY = "1,2,7";
				XROS_DEPLOYMENT_TARGET = 26.0;
			};
			name = Release;
		};
		C2E0677A2EB0BD9800A2661D /* Debug */ = {
			isa = XCBuildConfiguration;
			buildSettings = {
				CODE_SIGN_STYLE = Automatic;
				CURRENT_PROJECT_VERSION = 1;
				DEVELOPMENT_TEAM = PTPRZC36QH;
				GENERATE_INFOPLIST_FILE = YES;
				IPHONEOS_DEPLOYMENT_TARGET = 26.0;
				MARKETING_VERSION = 1.0;
				PRODUCT_BUNDLE_IDENTIFIER = com.marwen.MyWatchListUITests;
				PRODUCT_NAME = "$(TARGET_NAME)";
				SDKROOT = iphoneos;
				STRING_CATALOG_GENERATE_SYMBOLS = NO;
				SWIFT_APPROACHABLE_CONCURRENCY = YES;
				SWIFT_EMIT_LOC_STRINGS = NO;
				SWIFT_UPCOMING_FEATURE_MEMBER_IMPORT_VISIBILITY = YES;
				SWIFT_VERSION = 5.0;
				TARGETED_DEVICE_FAMILY = "1,2";
				TEST_TARGET_NAME = MyWatchList;
			};
			name = Debug;
		};
		C2E0677B2EB0BD9800A2661D /* Release */ = {
			isa = XCBuildConfiguration;
			buildSettings = {
				CODE_SIGN_STYLE = Automatic;
				CURRENT_PROJECT_VERSION = 1;
				DEBUG_INFORMATION_FORMAT = "dwarf-with-dsym";
				DEVELOPMENT_TEAM = PTPRZC36QH;
				GENERATE_INFOPLIST_FILE = YES;
				IPHONEOS_DEPLOYMENT_TARGET = 26.0;
				MARKETING_VERSION = 1.0;
				PRODUCT_BUNDLE_IDENTIFIER = com.marwen.MyWatchListUITests;
				PRODUCT_NAME = "$(TARGET_NAME)";
				SDKROOT = iphoneos;
				STRING_CATALOG_GENERATE_SYMBOLS = NO;
				SWIFT_APPROACHABLE_CONCURRENCY = YES;
				SWIFT_EMIT_LOC_STRINGS = NO;
				SWIFT_UPCOMING_FEATURE_MEMBER_IMPORT_VISIBILITY = YES;
				SWIFT_VERSION = 5.0;
				TARGETED_DEVICE_FAMILY = "1,2";
				TEST_TARGET_NAME = MyWatchList;
				VALIDATE_PRODUCT = YES;
			};
			name = Release;
		};
/* End XCBuildConfiguration section */

/* Begin XCConfigurationList section */
		C257EBA82E9D3DA70064FCC0 /* Build configuration list for PBXNativeTarget "MyWatchListTests" */ = {
			isa = XCConfigurationList;
			buildConfigurations = (
				C257EBA62E9D3DA70064FCC0 /* Debug */,
				C257EBA72E9D3DA70064FCC0 /* Release */,
			);
			defaultConfigurationIsVisible = 0;
			defaultConfigurationName = Release;
		};
		C28232462EC6026000F83A87 /* Build configuration list for PBXNativeTarget "MyWatchListWidgetExtension" */ = {
			isa = XCConfigurationList;
			buildConfigurations = (
				C28232442EC6026000F83A87 /* Debug */,
				C28232452EC6026000F83A87 /* Release */,
			);
			defaultConfigurationIsVisible = 0;
			defaultConfigurationName = Release;
		};
		C2B07FEF2ED06E7C008D0285 /* Build configuration list for PBXNativeTarget "MWLWatch Watch App" */ = {
			isa = XCConfigurationList;
			buildConfigurations = (
				C2B07FED2ED06E7C008D0285 /* Debug */,
				C2B07FEE2ED06E7C008D0285 /* Release */,
			);
			defaultConfigurationIsVisible = 0;
			defaultConfigurationName = Release;
		};
		C2D8589F2E61AE99005187AF /* Build configuration list for PBXProject "MyWatchList" */ = {
			isa = XCConfigurationList;
			buildConfigurations = (
				C2D858AE2E61AE9B005187AF /* Debug */,
				C2D858AF2E61AE9B005187AF /* Release */,
			);
			defaultConfigurationIsVisible = 0;
			defaultConfigurationName = Release;
		};
		C2D858B02E61AE9B005187AF /* Build configuration list for PBXNativeTarget "MyWatchList" */ = {
			isa = XCConfigurationList;
			buildConfigurations = (
				C2D858B12E61AE9B005187AF /* Debug */,
				C2D858B22E61AE9B005187AF /* Release */,
			);
			defaultConfigurationIsVisible = 0;
			defaultConfigurationName = Release;
		};
		C2E0677C2EB0BD9800A2661D /* Build configuration list for PBXNativeTarget "MyWatchListUITests" */ = {
			isa = XCConfigurationList;
			buildConfigurations = (
				C2E0677A2EB0BD9800A2661D /* Debug */,
				C2E0677B2EB0BD9800A2661D /* Release */,
			);
			defaultConfigurationIsVisible = 0;
			defaultConfigurationName = Release;
		};
/* End XCConfigurationList section */

/* Begin XCRemoteSwiftPackageReference section */
		C23CD4E12E6B1C4E00DD1656 /* XCRemoteSwiftPackageReference "YouTubePlayerKit" */ = {
			isa = XCRemoteSwiftPackageReference;
			repositoryURL = "https://github.com/SvenTiigi/YouTubePlayerKit";
			requirement = {
				kind = upToNextMajorVersion;
				minimumVersion = 2.0.1;
			};
		};
		C24517872EA377AA003CB8EE /* XCRemoteSwiftPackageReference "swift-confidential" */ = {
			isa = XCRemoteSwiftPackageReference;
			repositoryURL = "https://github.com/securevale/swift-confidential";
			requirement = {
				kind = upToNextMinorVersion;
				minimumVersion = 0.4.2;
			};
		};
		C245178A2EA37858003CB8EE /* XCRemoteSwiftPackageReference "swift-confidential-plugin" */ = {
			isa = XCRemoteSwiftPackageReference;
			repositoryURL = "https://github.com/securevale/swift-confidential-plugin.git";
			requirement = {
				kind = upToNextMinorVersion;
				minimumVersion = 0.4.2;
			};
		};
/* End XCRemoteSwiftPackageReference section */

/* Begin XCSwiftPackageProductDependency section */
		C23CD4E22E6B1C4E00DD1656 /* YouTubePlayerKit */ = {
			isa = XCSwiftPackageProductDependency;
			package = C23CD4E12E6B1C4E00DD1656 /* XCRemoteSwiftPackageReference "YouTubePlayerKit" */;
			productName = YouTubePlayerKit;
		};
		C24517882EA377AA003CB8EE /* _ConfidentialKit */ = {
			isa = XCSwiftPackageProductDependency;
			package = C24517872EA377AA003CB8EE /* XCRemoteSwiftPackageReference "swift-confidential" */;
			productName = _ConfidentialKit;
		};
		C245178B2EA3788F003CB8EE /* Confidential */ = {
			isa = XCSwiftPackageProductDependency;
			package = C245178A2EA37858003CB8EE /* XCRemoteSwiftPackageReference "swift-confidential-plugin" */;
			productName = "plugin:Confidential";
		};
/* End XCSwiftPackageProductDependency section */
	};
	rootObject = C2D8589C2E61AE99005187AF /* Project object */;
}
